// !$*UTF8*$!
{
	archiveVersion = 1;
	classes = {
	};
	objectVersion = 55;
	objects = {

/* Begin PBXBuildFile section */
		78067FBA287EAD94009D3232 /* Transformer_Mobile_DemoApp.swift in Sources */ = {isa = PBXBuildFile; fileRef = 78067FB9287EAD94009D3232 /* Transformer_Mobile_DemoApp.swift */; };
		78067FBC287EAD94009D3232 /* ContentView.swift in Sources */ = {isa = PBXBuildFile; fileRef = 78067FBB287EAD94009D3232 /* ContentView.swift */; };
		78067FBE287EAD96009D3232 /* Assets.xcassets in Resources */ = {isa = PBXBuildFile; fileRef = 78067FBD287EAD96009D3232 /* Assets.xcassets */; };
		78067FC1287EAD96009D3232 /* Preview Assets.xcassets in Resources */ = {isa = PBXBuildFile; fileRef = 78067FC0287EAD96009D3232 /* Preview Assets.xcassets */; };
		78718FA1287F992200D105CE /* ModelDataHandler.swift in Sources */ = {isa = PBXBuildFile; fileRef = 78718FA0287F992200D105CE /* ModelDataHandler.swift */; };
		78718FA72880B20700D105CE /* DecoderConverter.swift in Sources */ = {isa = PBXBuildFile; fileRef = 78718FA62880B20700D105CE /* DecoderConverter.swift */; };
		78CF1E9028855EA50097E5A0 /* ContentMessageView.swift in Sources */ = {isa = PBXBuildFile; fileRef = 78CF1E8F28855EA50097E5A0 /* ContentMessageView.swift */; };
		78CF1E9228855F8A0097E5A0 /* MessageView.swift in Sources */ = {isa = PBXBuildFile; fileRef = 78CF1E9128855F8A0097E5A0 /* MessageView.swift */; };
		78CF1E9528855FD00097E5A0 /* ModelData.swift in Sources */ = {isa = PBXBuildFile; fileRef = 78CF1E9428855FD00097E5A0 /* ModelData.swift */; };
		78CF1E972885600E0097E5A0 /* ChatHelper.swift in Sources */ = {isa = PBXBuildFile; fileRef = 78CF1E962885600E0097E5A0 /* ChatHelper.swift */; };
		78CF1E9B288563DA0097E5A0 /* ChatView.swift in Sources */ = {isa = PBXBuildFile; fileRef = 78CF1E9A288563DA0097E5A0 /* ChatView.swift */; };
		78CF1E9E28859AF10097E5A0 /* transformer_output7_input4153026.tflite in Resources */ = {isa = PBXBuildFile; fileRef = 78CF1E9D28859AF10097E5A0 /* transformer_output7_input4153026.tflite */; };
		78CF1EA028859DFC0097E5A0 /* vectoword.json in Resources */ = {isa = PBXBuildFile; fileRef = 78CF1E9F28859DFC0097E5A0 /* vectoword.json */; };
		CE3B08B75C7140E04C92610C /* Pods_Transformer_Mobile_Demo.framework in Frameworks */ = {isa = PBXBuildFile; fileRef = FD16276659AB3E5D8A42ED48 /* Pods_Transformer_Mobile_Demo.framework */; };
/* End PBXBuildFile section */

/* Begin PBXFileReference section */
		78067FB6287EAD94009D3232 /* Transformer-Mobile-Demo.app */ = {isa = PBXFileReference; explicitFileType = wrapper.application; includeInIndex = 0; path = "Transformer-Mobile-Demo.app"; sourceTree = BUILT_PRODUCTS_DIR; };
		78067FB9287EAD94009D3232 /* Transformer_Mobile_DemoApp.swift */ = {isa = PBXFileReference; lastKnownFileType = sourcecode.swift; path = Transformer_Mobile_DemoApp.swift; sourceTree = "<group>"; };
		78067FBB287EAD94009D3232 /* ContentView.swift */ = {isa = PBXFileReference; lastKnownFileType = sourcecode.swift; path = ContentView.swift; sourceTree = "<group>"; };
		78067FBD287EAD96009D3232 /* Assets.xcassets */ = {isa = PBXFileReference; lastKnownFileType = folder.assetcatalog; path = Assets.xcassets; sourceTree = "<group>"; };
		78067FC0287EAD96009D3232 /* Preview Assets.xcassets */ = {isa = PBXFileReference; lastKnownFileType = folder.assetcatalog; path = "Preview Assets.xcassets"; sourceTree = "<group>"; };
		78718FA0287F992200D105CE /* ModelDataHandler.swift */ = {isa = PBXFileReference; lastKnownFileType = sourcecode.swift; path = ModelDataHandler.swift; sourceTree = "<group>"; };
		78718FA62880B20700D105CE /* DecoderConverter.swift */ = {isa = PBXFileReference; lastKnownFileType = sourcecode.swift; path = DecoderConverter.swift; sourceTree = "<group>"; };
		78CF1E8F28855EA50097E5A0 /* ContentMessageView.swift */ = {isa = PBXFileReference; lastKnownFileType = sourcecode.swift; path = ContentMessageView.swift; sourceTree = "<group>"; };
		78CF1E9128855F8A0097E5A0 /* MessageView.swift */ = {isa = PBXFileReference; lastKnownFileType = sourcecode.swift; path = MessageView.swift; sourceTree = "<group>"; };
		78CF1E9428855FD00097E5A0 /* ModelData.swift */ = {isa = PBXFileReference; lastKnownFileType = sourcecode.swift; path = ModelData.swift; sourceTree = "<group>"; };
		78CF1E962885600E0097E5A0 /* ChatHelper.swift */ = {isa = PBXFileReference; lastKnownFileType = sourcecode.swift; path = ChatHelper.swift; sourceTree = "<group>"; };
		78CF1E9A288563DA0097E5A0 /* ChatView.swift */ = {isa = PBXFileReference; lastKnownFileType = sourcecode.swift; path = ChatView.swift; sourceTree = "<group>"; };
		78CF1E9D28859AF10097E5A0 /* transformer_output7_input4153026.tflite */ = {isa = PBXFileReference; lastKnownFileType = file; path = transformer_output7_input4153026.tflite; sourceTree = "<group>"; };
		78CF1E9F28859DFC0097E5A0 /* vectoword.json */ = {isa = PBXFileReference; fileEncoding = 4; lastKnownFileType = text.json; path = vectoword.json; sourceTree = "<group>"; };
		793FA3A4E9F11C3B9C0BA22F /* Pods-Transformer-Mobile-Demo.release.xcconfig */ = {isa = PBXFileReference; includeInIndex = 1; lastKnownFileType = text.xcconfig; name = "Pods-Transformer-Mobile-Demo.release.xcconfig"; path = "Target Support Files/Pods-Transformer-Mobile-Demo/Pods-Transformer-Mobile-Demo.release.xcconfig"; sourceTree = "<group>"; };
		EFBC66B114A2247665450CE7 /* Pods-Transformer-Mobile-Demo.debug.xcconfig */ = {isa = PBXFileReference; includeInIndex = 1; lastKnownFileType = text.xcconfig; name = "Pods-Transformer-Mobile-Demo.debug.xcconfig"; path = "Target Support Files/Pods-Transformer-Mobile-Demo/Pods-Transformer-Mobile-Demo.debug.xcconfig"; sourceTree = "<group>"; };
		FD16276659AB3E5D8A42ED48 /* Pods_Transformer_Mobile_Demo.framework */ = {isa = PBXFileReference; explicitFileType = wrapper.framework; includeInIndex = 0; path = Pods_Transformer_Mobile_Demo.framework; sourceTree = BUILT_PRODUCTS_DIR; };
/* End PBXFileReference section */

/* Begin PBXFrameworksBuildPhase section */
		78067FB3287EAD94009D3232 /* Frameworks */ = {
			isa = PBXFrameworksBuildPhase;
			buildActionMask = 2147483647;
			files = (
				CE3B08B75C7140E04C92610C /* Pods_Transformer_Mobile_Demo.framework in Frameworks */,
			);
			runOnlyForDeploymentPostprocessing = 0;
		};
/* End PBXFrameworksBuildPhase section */

/* Begin PBXGroup section */
		78067FAD287EAD94009D3232 = {
			isa = PBXGroup;
			children = (
				78067FB8287EAD94009D3232 /* Transformer-Mobile-Demo */,
				78067FB7287EAD94009D3232 /* Products */,
				CADEF798CC028D56A7939F6B /* Pods */,
				E3A1730CF5258D94A64526D7 /* Frameworks */,
			);
			sourceTree = "<group>";
		};
		78067FB7287EAD94009D3232 /* Products */ = {
			isa = PBXGroup;
			children = (
				78067FB6287EAD94009D3232 /* Transformer-Mobile-Demo.app */,
			);
			name = Products;
			sourceTree = "<group>";
		};
		78067FB8287EAD94009D3232 /* Transformer-Mobile-Demo */ = {
			isa = PBXGroup;
			children = (
				78CF1E9C288568680097E5A0 /* NLPSystem */,
				78CF1E9328855FC00097E5A0 /* ViewModel */,
				78CF1E8C28855E010097E5A0 /* Views */,
				78718FA52880B17D00D105CE /* Coder */,
				78718FA2287F994400D105CE /* Model */,
				78067FB9287EAD94009D3232 /* Transformer_Mobile_DemoApp.swift */,
				78067FBB287EAD94009D3232 /* ContentView.swift */,
				78067FBD287EAD96009D3232 /* Assets.xcassets */,
				78067FBF287EAD96009D3232 /* Preview Content */,
			);
			path = "Transformer-Mobile-Demo";
			sourceTree = "<group>";
		};
		78067FBF287EAD96009D3232 /* Preview Content */ = {
			isa = PBXGroup;
			children = (
				78067FC0287EAD96009D3232 /* Preview Assets.xcassets */,
			);
			path = "Preview Content";
			sourceTree = "<group>";
		};
		78718FA2287F994400D105CE /* Model */ = {
			isa = PBXGroup;
			children = (
				78CF1E9F28859DFC0097E5A0 /* vectoword.json */,
				78CF1E9D28859AF10097E5A0 /* transformer_output7_input4153026.tflite */,
			);
			path = Model;
			sourceTree = "<group>";
		};
		78718FA52880B17D00D105CE /* Coder */ = {
			isa = PBXGroup;
			children = (
				78718FA62880B20700D105CE /* DecoderConverter.swift */,
			);
			path = Coder;
			sourceTree = "<group>";
		};
		78CF1E8C28855E010097E5A0 /* Views */ = {
			isa = PBXGroup;
			children = (
				78CF1E8F28855EA50097E5A0 /* ContentMessageView.swift */,
				78CF1E9128855F8A0097E5A0 /* MessageView.swift */,
				78CF1E9A288563DA0097E5A0 /* ChatView.swift */,
			);
			path = Views;
			sourceTree = "<group>";
		};
		78CF1E9328855FC00097E5A0 /* ViewModel */ = {
			isa = PBXGroup;
			children = (
				78CF1E9428855FD00097E5A0 /* ModelData.swift */,
				78CF1E962885600E0097E5A0 /* ChatHelper.swift */,
			);
			path = ViewModel;
			sourceTree = "<group>";
		};
		78CF1E9C288568680097E5A0 /* NLPSystem */ = {
			isa = PBXGroup;
			children = (
				78718FA0287F992200D105CE /* ModelDataHandler.swift */,
			);
			path = NLPSystem;
			sourceTree = "<group>";
		};
		CADEF798CC028D56A7939F6B /* Pods */ = {
			isa = PBXGroup;
			children = (
				EFBC66B114A2247665450CE7 /* Pods-Transformer-Mobile-Demo.debug.xcconfig */,
				793FA3A4E9F11C3B9C0BA22F /* Pods-Transformer-Mobile-Demo.release.xcconfig */,
			);
			path = Pods;
			sourceTree = "<group>";
		};
		E3A1730CF5258D94A64526D7 /* Frameworks */ = {
			isa = PBXGroup;
			children = (
				FD16276659AB3E5D8A42ED48 /* Pods_Transformer_Mobile_Demo.framework */,
			);
			name = Frameworks;
			sourceTree = "<group>";
		};
/* End PBXGroup section */

/* Begin PBXNativeTarget section */
		78067FB5287EAD94009D3232 /* Transformer-Mobile-Demo */ = {
			isa = PBXNativeTarget;
			buildConfigurationList = 78067FC4287EAD96009D3232 /* Build configuration list for PBXNativeTarget "Transformer-Mobile-Demo" */;
			buildPhases = (
				E1DD06BD6A9D937DE98453B1 /* [CP] Check Pods Manifest.lock */,
				78067FB2287EAD94009D3232 /* Sources */,
				78067FB3287EAD94009D3232 /* Frameworks */,
				78067FB4287EAD94009D3232 /* Resources */,
			);
			buildRules = (
			);
			dependencies = (
			);
			name = "Transformer-Mobile-Demo";
			productName = "Transformer-Mobile-Demo";
			productReference = 78067FB6287EAD94009D3232 /* Transformer-Mobile-Demo.app */;
			productType = "com.apple.product-type.application";
		};
/* End PBXNativeTarget section */

/* Begin PBXProject section */
		78067FAE287EAD94009D3232 /* Project object */ = {
			isa = PBXProject;
			attributes = {
				BuildIndependentTargetsInParallel = 1;
				LastSwiftUpdateCheck = 1340;
				LastUpgradeCheck = 1340;
				TargetAttributes = {
					78067FB5287EAD94009D3232 = {
						CreatedOnToolsVersion = 13.4;
					};
				};
			};
			buildConfigurationList = 78067FB1287EAD94009D3232 /* Build configuration list for PBXProject "Transformer-Mobile-Demo" */;
			compatibilityVersion = "Xcode 13.0";
			developmentRegion = en;
			hasScannedForEncodings = 0;
			knownRegions = (
				en,
				Base,
			);
			mainGroup = 78067FAD287EAD94009D3232;
			productRefGroup = 78067FB7287EAD94009D3232 /* Products */;
			projectDirPath = "";
			projectRoot = "";
			targets = (
				78067FB5287EAD94009D3232 /* Transformer-Mobile-Demo */,
			);
		};
/* End PBXProject section */

/* Begin PBXResourcesBuildPhase section */
		78067FB4287EAD94009D3232 /* Resources */ = {
			isa = PBXResourcesBuildPhase;
			buildActionMask = 2147483647;
			files = (
				78067FC1287EAD96009D3232 /* Preview Assets.xcassets in Resources */,
				78067FBE287EAD96009D3232 /* Assets.xcassets in Resources */,
				78CF1E9E28859AF10097E5A0 /* transformer_output7_input4153026.tflite in Resources */,
				78CF1EA028859DFC0097E5A0 /* vectoword.json in Resources */,
			);
			runOnlyForDeploymentPostprocessing = 0;
		};
/* End PBXResourcesBuildPhase section */

/* Begin PBXShellScriptBuildPhase section */
		E1DD06BD6A9D937DE98453B1 /* [CP] Check Pods Manifest.lock */ = {
			isa = PBXShellScriptBuildPhase;
			buildActionMask = 2147483647;
			files = (
			);
			inputFileListPaths = (
			);
			inputPaths = (
				"${PODS_PODFILE_DIR_PATH}/Podfile.lock",
				"${PODS_ROOT}/Manifest.lock",
			);
			name = "[CP] Check Pods Manifest.lock";
			outputFileListPaths = (
			);
			outputPaths = (
				"$(DERIVED_FILE_DIR)/Pods-Transformer-Mobile-Demo-checkManifestLockResult.txt",
			);
			runOnlyForDeploymentPostprocessing = 0;
			shellPath = /bin/sh;
			shellScript = "diff \"${PODS_PODFILE_DIR_PATH}/Podfile.lock\" \"${PODS_ROOT}/Manifest.lock\" > /dev/null\nif [ $? != 0 ] ; then\n    # print error to STDERR\n    echo \"error: The sandbox is not in sync with the Podfile.lock. Run 'pod install' or update your CocoaPods installation.\" >&2\n    exit 1\nfi\n# This output is used by Xcode 'outputs' to avoid re-running this script phase.\necho \"SUCCESS\" > \"${SCRIPT_OUTPUT_FILE_0}\"\n";
			showEnvVarsInLog = 0;
		};
/* End PBXShellScriptBuildPhase section */

/* Begin PBXSourcesBuildPhase section */
		78067FB2287EAD94009D3232 /* Sources */ = {
			isa = PBXSourcesBuildPhase;
			buildActionMask = 2147483647;
			files = (
				78CF1E9228855F8A0097E5A0 /* MessageView.swift in Sources */,
				78067FBC287EAD94009D3232 /* ContentView.swift in Sources */,
				78067FBA287EAD94009D3232 /* Transformer_Mobile_DemoApp.swift in Sources */,
				78CF1E972885600E0097E5A0 /* ChatHelper.swift in Sources */,
				78CF1E9B288563DA0097E5A0 /* ChatView.swift in Sources */,
				78718FA1287F992200D105CE /* ModelDataHandler.swift in Sources */,
				78CF1E9028855EA50097E5A0 /* ContentMessageView.swift in Sources */,
				78718FA72880B20700D105CE /* DecoderConverter.swift in Sources */,
				78CF1E9528855FD00097E5A0 /* ModelData.swift in Sources */,
			);
			runOnlyForDeploymentPostprocessing = 0;
		};
/* End PBXSourcesBuildPhase section */

/* Begin XCBuildConfiguration section */
		78067FC2287EAD96009D3232 /* Debug */ = {
			isa = XCBuildConfiguration;
			buildSettings = {
				ALWAYS_SEARCH_USER_PATHS = NO;
				CLANG_ANALYZER_NONNULL = YES;
				CLANG_ANALYZER_NUMBER_OBJECT_CONVERSION = YES_AGGRESSIVE;
				CLANG_CXX_LANGUAGE_STANDARD = "gnu++17";
				CLANG_ENABLE_MODULES = YES;
				CLANG_ENABLE_OBJC_ARC = YES;
				CLANG_ENABLE_OBJC_WEAK = YES;
				CLANG_WARN_BLOCK_CAPTURE_AUTORELEASING = YES;
				CLANG_WARN_BOOL_CONVERSION = YES;
				CLANG_WARN_COMMA = YES;
				CLANG_WARN_CONSTANT_CONVERSION = YES;
				CLANG_WARN_DEPRECATED_OBJC_IMPLEMENTATIONS = YES;
				CLANG_WARN_DIRECT_OBJC_ISA_USAGE = YES_ERROR;
				CLANG_WARN_DOCUMENTATION_COMMENTS = YES;
				CLANG_WARN_EMPTY_BODY = YES;
				CLANG_WARN_ENUM_CONVERSION = YES;
				CLANG_WARN_INFINITE_RECURSION = YES;
				CLANG_WARN_INT_CONVERSION = YES;
				CLANG_WARN_NON_LITERAL_NULL_CONVERSION = YES;
				CLANG_WARN_OBJC_IMPLICIT_RETAIN_SELF = YES;
				CLANG_WARN_OBJC_LITERAL_CONVERSION = YES;
				CLANG_WARN_OBJC_ROOT_CLASS = YES_ERROR;
				CLANG_WARN_QUOTED_INCLUDE_IN_FRAMEWORK_HEADER = YES;
				CLANG_WARN_RANGE_LOOP_ANALYSIS = YES;
				CLANG_WARN_STRICT_PROTOTYPES = YES;
				CLANG_WARN_SUSPICIOUS_MOVE = YES;
				CLANG_WARN_UNGUARDED_AVAILABILITY = YES_AGGRESSIVE;
				CLANG_WARN_UNREACHABLE_CODE = YES;
				CLANG_WARN__DUPLICATE_METHOD_MATCH = YES;
				COPY_PHASE_STRIP = NO;
				DEBUG_INFORMATION_FORMAT = dwarf;
				ENABLE_STRICT_OBJC_MSGSEND = YES;
				ENABLE_TESTABILITY = YES;
				GCC_C_LANGUAGE_STANDARD = gnu11;
				GCC_DYNAMIC_NO_PIC = NO;
				GCC_NO_COMMON_BLOCKS = YES;
				GCC_OPTIMIZATION_LEVEL = 0;
				GCC_PREPROCESSOR_DEFINITIONS = (
					"DEBUG=1",
					"$(inherited)",
				);
				GCC_WARN_64_TO_32_BIT_CONVERSION = YES;
				GCC_WARN_ABOUT_RETURN_TYPE = YES_ERROR;
				GCC_WARN_UNDECLARED_SELECTOR = YES;
				GCC_WARN_UNINITIALIZED_AUTOS = YES_AGGRESSIVE;
				GCC_WARN_UNUSED_FUNCTION = YES;
				GCC_WARN_UNUSED_VARIABLE = YES;
				IPHONEOS_DEPLOYMENT_TARGET = 15.5;
				MTL_ENABLE_DEBUG_INFO = INCLUDE_SOURCE;
				MTL_FAST_MATH = YES;
				ONLY_ACTIVE_ARCH = YES;
				SDKROOT = iphoneos;
				SWIFT_ACTIVE_COMPILATION_CONDITIONS = DEBUG;
				SWIFT_OPTIMIZATION_LEVEL = "-Onone";
			};
			name = Debug;
		};
		78067FC3287EAD96009D3232 /* Release */ = {
			isa = XCBuildConfiguration;
			buildSettings = {
				ALWAYS_SEARCH_USER_PATHS = NO;
				CLANG_ANALYZER_NONNULL = YES;
				CLANG_ANALYZER_NUMBER_OBJECT_CONVERSION = YES_AGGRESSIVE;
				CLANG_CXX_LANGUAGE_STANDARD = "gnu++17";
				CLANG_ENABLE_MODULES = YES;
				CLANG_ENABLE_OBJC_ARC = YES;
				CLANG_ENABLE_OBJC_WEAK = YES;
				CLANG_WARN_BLOCK_CAPTURE_AUTORELEASING = YES;
				CLANG_WARN_BOOL_CONVERSION = YES;
				CLANG_WARN_COMMA = YES;
				CLANG_WARN_CONSTANT_CONVERSION = YES;
				CLANG_WARN_DEPRECATED_OBJC_IMPLEMENTATIONS = YES;
				CLANG_WARN_DIRECT_OBJC_ISA_USAGE = YES_ERROR;
				CLANG_WARN_DOCUMENTATION_COMMENTS = YES;
				CLANG_WARN_EMPTY_BODY = YES;
				CLANG_WARN_ENUM_CONVERSION = YES;
				CLANG_WARN_INFINITE_RECURSION = YES;
				CLANG_WARN_INT_CONVERSION = YES;
				CLANG_WARN_NON_LITERAL_NULL_CONVERSION = YES;
				CLANG_WARN_OBJC_IMPLICIT_RETAIN_SELF = YES;
				CLANG_WARN_OBJC_LITERAL_CONVERSION = YES;
				CLANG_WARN_OBJC_ROOT_CLASS = YES_ERROR;
				CLANG_WARN_QUOTED_INCLUDE_IN_FRAMEWORK_HEADER = YES;
				CLANG_WARN_RANGE_LOOP_ANALYSIS = YES;
				CLANG_WARN_STRICT_PROTOTYPES = YES;
				CLANG_WARN_SUSPICIOUS_MOVE = YES;
				CLANG_WARN_UNGUARDED_AVAILABILITY = YES_AGGRESSIVE;
				CLANG_WARN_UNREACHABLE_CODE = YES;
				CLANG_WARN__DUPLICATE_METHOD_MATCH = YES;
				COPY_PHASE_STRIP = NO;
				DEBUG_INFORMATION_FORMAT = "dwarf-with-dsym";
				ENABLE_NS_ASSERTIONS = NO;
				ENABLE_STRICT_OBJC_MSGSEND = YES;
				GCC_C_LANGUAGE_STANDARD = gnu11;
				GCC_NO_COMMON_BLOCKS = YES;
				GCC_WARN_64_TO_32_BIT_CONVERSION = YES;
				GCC_WARN_ABOUT_RETURN_TYPE = YES_ERROR;
				GCC_WARN_UNDECLARED_SELECTOR = YES;
				GCC_WARN_UNINITIALIZED_AUTOS = YES_AGGRESSIVE;
				GCC_WARN_UNUSED_FUNCTION = YES;
				GCC_WARN_UNUSED_VARIABLE = YES;
				IPHONEOS_DEPLOYMENT_TARGET = 15.5;
				MTL_ENABLE_DEBUG_INFO = NO;
				MTL_FAST_MATH = YES;
				SDKROOT = iphoneos;
				SWIFT_COMPILATION_MODE = wholemodule;
				SWIFT_OPTIMIZATION_LEVEL = "-O";
				VALIDATE_PRODUCT = YES;
			};
			name = Release;
		};
		78067FC5287EAD96009D3232 /* Debug */ = {
			isa = XCBuildConfiguration;
			baseConfigurationReference = EFBC66B114A2247665450CE7 /* Pods-Transformer-Mobile-Demo.debug.xcconfig */;
			buildSettings = {
				ASSETCATALOG_COMPILER_APPICON_NAME = AppIcon;
				ASSETCATALOG_COMPILER_GLOBAL_ACCENT_COLOR_NAME = AccentColor;
				CODE_SIGN_STYLE = Automatic;
				CURRENT_PROJECT_VERSION = 1;
				DEVELOPMENT_ASSET_PATHS = "\"Transformer-Mobile-Demo/Preview Content\"";
				DEVELOPMENT_TEAM = KYV3CSY2F3;
				ENABLE_PREVIEWS = YES;
				GENERATE_INFOPLIST_FILE = YES;
				INFOPLIST_KEY_UIApplicationSceneManifest_Generation = YES;
				INFOPLIST_KEY_UIApplicationSupportsIndirectInputEvents = YES;
				INFOPLIST_KEY_UILaunchScreen_Generation = YES;
				INFOPLIST_KEY_UISupportedInterfaceOrientations_iPad = "UIInterfaceOrientationPortrait UIInterfaceOrientationPortraitUpsideDown UIInterfaceOrientationLandscapeLeft UIInterfaceOrientationLandscapeRight";
				INFOPLIST_KEY_UISupportedInterfaceOrientations_iPhone = "UIInterfaceOrientationPortrait UIInterfaceOrientationLandscapeLeft UIInterfaceOrientationLandscapeRight";
				LD_RUNPATH_SEARCH_PATHS = (
					"$(inherited)",
					"@executable_path/Frameworks",
				);
				MARKETING_VERSION = 1.0;
				PRODUCT_BUNDLE_IDENTIFIER = "com.tensorflowlite.app.Transformer-Mobile-Demo";
				PRODUCT_NAME = "$(TARGET_NAME)";
				SWIFT_EMIT_LOC_STRINGS = YES;
				SWIFT_VERSION = 5.0;
				TARGETED_DEVICE_FAMILY = "1,2";
			};
			name = Debug;
		};
		78067FC6287EAD96009D3232 /* Release */ = {
			isa = XCBuildConfiguration;
			baseConfigurationReference = 793FA3A4E9F11C3B9C0BA22F /* Pods-Transformer-Mobile-Demo.release.xcconfig */;
			buildSettings = {
				ASSETCATALOG_COMPILER_APPICON_NAME = AppIcon;
				ASSETCATALOG_COMPILER_GLOBAL_ACCENT_COLOR_NAME = AccentColor;
				CODE_SIGN_STYLE = Automatic;
				CURRENT_PROJECT_VERSION = 1;
				DEVELOPMENT_ASSET_PATHS = "\"Transformer-Mobile-Demo/Preview Content\"";
				DEVELOPMENT_TEAM = KYV3CSY2F3;
				ENABLE_PREVIEWS = YES;
				GENERATE_INFOPLIST_FILE = YES;
				INFOPLIST_KEY_UIApplicationSceneManifest_Generation = YES;
				INFOPLIST_KEY_UIApplicationSupportsIndirectInputEvents = YES;
				INFOPLIST_KEY_UILaunchScreen_Generation = YES;
				INFOPLIST_KEY_UISupportedInterfaceOrientations_iPad = "UIInterfaceOrientationPortrait UIInterfaceOrientationPortraitUpsideDown UIInterfaceOrientationLandscapeLeft UIInterfaceOrientationLandscapeRight";
				INFOPLIST_KEY_UISupportedInterfaceOrientations_iPhone = "UIInterfaceOrientationPortrait UIInterfaceOrientationLandscapeLeft UIInterfaceOrientationLandscapeRight";
				LD_RUNPATH_SEARCH_PATHS = (
					"$(inherited)",
					"@executable_path/Frameworks",
				);
				MARKETING_VERSION = 1.0;
				PRODUCT_BUNDLE_IDENTIFIER = "com.tensorflowlite.app.Transformer-Mobile-Demo";
				PRODUCT_NAME = "$(TARGET_NAME)";
				SWIFT_EMIT_LOC_STRINGS = YES;
				SWIFT_VERSION = 5.0;
				TARGETED_DEVICE_FAMILY = "1,2";
			};
			name = Release;
		};
/* End XCBuildConfiguration section */

/* Begin XCConfigurationList section */
		78067FB1287EAD94009D3232 /* Build configuration list for PBXProject "Transformer-Mobile-Demo" */ = {
			isa = XCConfigurationList;
			buildConfigurations = (
				78067FC2287EAD96009D3232 /* Debug */,
				78067FC3287EAD96009D3232 /* Release */,
			);
			defaultConfigurationIsVisible = 0;
			defaultConfigurationName = Release;
		};
		78067FC4287EAD96009D3232 /* Build configuration list for PBXNativeTarget "Transformer-Mobile-Demo" */ = {
			isa = XCConfigurationList;
			buildConfigurations = (
				78067FC5287EAD96009D3232 /* Debug */,
				78067FC6287EAD96009D3232 /* Release */,
			);
			defaultConfigurationIsVisible = 0;
			defaultConfigurationName = Release;
		};
/* End XCConfigurationList section */
	};
	rootObject = 78067FAE287EAD94009D3232 /* Project object */;
}
